// !$*UTF8*$!
{
	archiveVersion = 1;
	classes = {
	};
	objectVersion = 51;
	objects = {

/* Begin PBXBuildFile section */
		1D5316D922319C49520D203B /* MediaServiceTests.swift in Sources */ = {isa = PBXBuildFile; fileRef = 2240A87F57FB038C7EC1C5D2 /* MediaServiceTests.swift */; };
		78D564F450CF807EF8D125B6 /* MediaService.framework in Frameworks */ = {isa = PBXBuildFile; fileRef = EA0FFCED00C8054113707C0A /* MediaService.framework */; settings = {ATTRIBUTES = (Weak, ); }; };
		A756EA9B7DBBBC779292C6F0 /* XCTestManifests.swift in Sources */ = {isa = PBXBuildFile; fileRef = 42697A5AF25DAE56CE63A2DB /* XCTestManifests.swift */; };
		A902B0F4263972FF00D557C5 /* PermissionsService.swift in Sources */ = {isa = PBXBuildFile; fileRef = A902B0EC263972F800D557C5 /* PermissionsService.swift */; };
		A902B10D2639743600D557C5 /* PermissionsServiceMock.swift in Sources */ = {isa = PBXBuildFile; fileRef = A902B1012639739E00D557C5 /* PermissionsServiceMock.swift */; };
		A902B1142639743A00D557C5 /* FetchCollectionServiceMock.swift in Sources */ = {isa = PBXBuildFile; fileRef = A902B0FC2639738300D557C5 /* FetchCollectionServiceMock.swift */; };
		A979900F262F2DDA00AA65E3 /* FetchCollectionsService.swift in Sources */ = {isa = PBXBuildFile; fileRef = A9799007262F2DB900AA65E3 /* FetchCollectionsService.swift */; };
		A9FC8148261F183600074494 /* DeepDiff.framework in Frameworks */ = {isa = PBXBuildFile; fileRef = A9FC8143261F183600074494 /* DeepDiff.framework */; };
		A9FC814A261F183600074494 /* Framezilla.framework in Frameworks */ = {isa = PBXBuildFile; fileRef = A9FC8144261F183600074494 /* Framezilla.framework */; };
		A9FC814C261F183600074494 /* Texstyle.framework in Frameworks */ = {isa = PBXBuildFile; fileRef = A9FC8145261F183600074494 /* Texstyle.framework */; };
		A9FC814E261F183600074494 /* Ion.framework in Frameworks */ = {isa = PBXBuildFile; fileRef = A9FC8146261F183600074494 /* Ion.framework */; };
		A9FC8150261F183600074494 /* CollectionViewTools.framework in Frameworks */ = {isa = PBXBuildFile; fileRef = A9FC8147261F183600074494 /* CollectionViewTools.framework */; };
		A9FC81A8261F1ED300074494 /* MainViewController.swift in Sources */ = {isa = PBXBuildFile; fileRef = A9FC81A6261F1ED300074494 /* MainViewController.swift */; };
		A9FC81A9261F1ED300074494 /* AppDelegate.swift in Sources */ = {isa = PBXBuildFile; fileRef = A9FC81A7261F1ED300074494 /* AppDelegate.swift */; };
		A9FC81E02622BC6400074494 /* MainCellItem.swift in Sources */ = {isa = PBXBuildFile; fileRef = A9FC81DF2622BC6400074494 /* MainCellItem.swift */; };
		A9FC81E52622BC6F00074494 /* MainCollectionViewCell.swift in Sources */ = {isa = PBXBuildFile; fileRef = A9FC81E42622BC6F00074494 /* MainCollectionViewCell.swift */; };
		A9FC81FF2622C73400074494 /* GalleryViewController.swift in Sources */ = {isa = PBXBuildFile; fileRef = A9FC81FE2622C73400074494 /* GalleryViewController.swift */; };
		A9FC82042622C7FB00074494 /* MainFactory.swift in Sources */ = {isa = PBXBuildFile; fileRef = A9FC82032622C7FB00074494 /* MainFactory.swift */; };
		A9FC82092622CAEF00074494 /* GalleryFactory.swift in Sources */ = {isa = PBXBuildFile; fileRef = A9FC82082622CAEF00074494 /* GalleryFactory.swift */; };
		A9FC820F2622CB0600074494 /* GalleryCellItem.swift in Sources */ = {isa = PBXBuildFile; fileRef = A9FC820E2622CB0600074494 /* GalleryCellItem.swift */; };
		A9FC82142622CB1400074494 /* GalleryCollectionViewCell.swift in Sources */ = {isa = PBXBuildFile; fileRef = A9FC82132622CB1400074494 /* GalleryCollectionViewCell.swift */; };
		A9FC82352622D37C00074494 /* MediaItemFilter.swift in Sources */ = {isa = PBXBuildFile; fileRef = A9FC821D2622D37B00074494 /* MediaItemFilter.swift */; };
		A9FC82362622D37C00074494 /* MediaItemFetchResult.swift in Sources */ = {isa = PBXBuildFile; fileRef = A9FC821E2622D37B00074494 /* MediaItemFetchResult.swift */; };
		A9FC82372622D37C00074494 /* MediaItem.swift in Sources */ = {isa = PBXBuildFile; fileRef = A9FC821F2622D37B00074494 /* MediaItem.swift */; };
		A9FC82382622D37C00074494 /* MediaItemCollection.swift in Sources */ = {isa = PBXBuildFile; fileRef = A9FC82202622D37B00074494 /* MediaItemCollection.swift */; };
		A9FC82392622D37C00074494 /* Strings.swift in Sources */ = {isa = PBXBuildFile; fileRef = A9FC82222622D37B00074494 /* Strings.swift */; };
		A9FC823A2622D37C00074494 /* MainServiceFactory.swift in Sources */ = {isa = PBXBuildFile; fileRef = A9FC82312622D37C00074494 /* MainServiceFactory.swift */; };
		A9FC823B2622D37C00074494 /* MediaLibraryServiceImp.swift in Sources */ = {isa = PBXBuildFile; fileRef = A9FC82332622D37C00074494 /* MediaLibraryServiceImp.swift */; };
		A9FC823C2622D37C00074494 /* MediaLibraryService.swift in Sources */ = {isa = PBXBuildFile; fileRef = A9FC82342622D37C00074494 /* MediaLibraryService.swift */; };
/* End PBXBuildFile section */

/* Begin PBXContainerItemProxy section */
		41476AA120E3CA4B3ED0B15C /* PBXContainerItemProxy */ = {
			isa = PBXContainerItemProxy;
			containerPortal = 2479B7CB4F77A50E8A66BD45 /* Project object */;
			proxyType = 1;
			remoteGlobalIDString = E0D54EB6E6F18287CD59355D;
			remoteInfo = MediaService;
		};
/* End PBXContainerItemProxy section */

/* Begin PBXFileReference section */
		2240A87F57FB038C7EC1C5D2 /* MediaServiceTests.swift */ = {isa = PBXFileReference; lastKnownFileType = sourcecode.swift; path = MediaServiceTests.swift; sourceTree = "<group>"; };
		42697A5AF25DAE56CE63A2DB /* XCTestManifests.swift */ = {isa = PBXFileReference; lastKnownFileType = sourcecode.swift; path = XCTestManifests.swift; sourceTree = "<group>"; };
		A902B0EC263972F800D557C5 /* PermissionsService.swift */ = {isa = PBXFileReference; lastKnownFileType = sourcecode.swift; path = PermissionsService.swift; sourceTree = "<group>"; };
		A902B0FC2639738300D557C5 /* FetchCollectionServiceMock.swift */ = {isa = PBXFileReference; lastKnownFileType = sourcecode.swift; path = FetchCollectionServiceMock.swift; sourceTree = "<group>"; };
		A902B1012639739E00D557C5 /* PermissionsServiceMock.swift */ = {isa = PBXFileReference; lastKnownFileType = sourcecode.swift; path = PermissionsServiceMock.swift; sourceTree = "<group>"; };
		A9799007262F2DB900AA65E3 /* FetchCollectionsService.swift */ = {isa = PBXFileReference; lastKnownFileType = sourcecode.swift; path = FetchCollectionsService.swift; sourceTree = "<group>"; };
		A9FC8143261F183600074494 /* DeepDiff.framework */ = {isa = PBXFileReference; lastKnownFileType = wrapper.framework; name = DeepDiff.framework; path = Carthage/Build/iOS/DeepDiff.framework; sourceTree = "<group>"; };
		A9FC8144261F183600074494 /* Framezilla.framework */ = {isa = PBXFileReference; lastKnownFileType = wrapper.framework; name = Framezilla.framework; path = Carthage/Build/iOS/Framezilla.framework; sourceTree = "<group>"; };
		A9FC8145261F183600074494 /* Texstyle.framework */ = {isa = PBXFileReference; lastKnownFileType = wrapper.framework; name = Texstyle.framework; path = Carthage/Build/iOS/Texstyle.framework; sourceTree = "<group>"; };
		A9FC8146261F183600074494 /* Ion.framework */ = {isa = PBXFileReference; lastKnownFileType = wrapper.framework; name = Ion.framework; path = Carthage/Build/iOS/Ion.framework; sourceTree = "<group>"; };
		A9FC8147261F183600074494 /* CollectionViewTools.framework */ = {isa = PBXFileReference; lastKnownFileType = wrapper.framework; name = CollectionViewTools.framework; path = Carthage/Build/iOS/CollectionViewTools.framework; sourceTree = "<group>"; };
		A9FC81A6261F1ED300074494 /* MainViewController.swift */ = {isa = PBXFileReference; fileEncoding = 4; lastKnownFileType = sourcecode.swift; path = MainViewController.swift; sourceTree = "<group>"; };
		A9FC81A7261F1ED300074494 /* AppDelegate.swift */ = {isa = PBXFileReference; fileEncoding = 4; lastKnownFileType = sourcecode.swift; path = AppDelegate.swift; sourceTree = "<group>"; };
		A9FC81C0261F21B900074494 /* Launch Screen.storyboard */ = {isa = PBXFileReference; lastKnownFileType = file.storyboard; path = "Launch Screen.storyboard"; sourceTree = "<group>"; };
		A9FC81DF2622BC6400074494 /* MainCellItem.swift */ = {isa = PBXFileReference; lastKnownFileType = sourcecode.swift; path = MainCellItem.swift; sourceTree = "<group>"; };
		A9FC81E42622BC6F00074494 /* MainCollectionViewCell.swift */ = {isa = PBXFileReference; lastKnownFileType = sourcecode.swift; path = MainCollectionViewCell.swift; sourceTree = "<group>"; };
		A9FC81FE2622C73400074494 /* GalleryViewController.swift */ = {isa = PBXFileReference; lastKnownFileType = sourcecode.swift; path = GalleryViewController.swift; sourceTree = "<group>"; };
		A9FC82032622C7FB00074494 /* MainFactory.swift */ = {isa = PBXFileReference; lastKnownFileType = sourcecode.swift; path = MainFactory.swift; sourceTree = "<group>"; };
		A9FC82082622CAEF00074494 /* GalleryFactory.swift */ = {isa = PBXFileReference; lastKnownFileType = sourcecode.swift; path = GalleryFactory.swift; sourceTree = "<group>"; };
		A9FC820E2622CB0600074494 /* GalleryCellItem.swift */ = {isa = PBXFileReference; lastKnownFileType = sourcecode.swift; path = GalleryCellItem.swift; sourceTree = "<group>"; };
		A9FC82132622CB1400074494 /* GalleryCollectionViewCell.swift */ = {isa = PBXFileReference; lastKnownFileType = sourcecode.swift; path = GalleryCollectionViewCell.swift; sourceTree = "<group>"; };
		A9FC821D2622D37B00074494 /* MediaItemFilter.swift */ = {isa = PBXFileReference; fileEncoding = 4; lastKnownFileType = sourcecode.swift; path = MediaItemFilter.swift; sourceTree = "<group>"; };
		A9FC821E2622D37B00074494 /* MediaItemFetchResult.swift */ = {isa = PBXFileReference; fileEncoding = 4; lastKnownFileType = sourcecode.swift; path = MediaItemFetchResult.swift; sourceTree = "<group>"; };
		A9FC821F2622D37B00074494 /* MediaItem.swift */ = {isa = PBXFileReference; fileEncoding = 4; lastKnownFileType = sourcecode.swift; path = MediaItem.swift; sourceTree = "<group>"; };
		A9FC82202622D37B00074494 /* MediaItemCollection.swift */ = {isa = PBXFileReference; fileEncoding = 4; lastKnownFileType = sourcecode.swift; path = MediaItemCollection.swift; sourceTree = "<group>"; };
		A9FC82222622D37B00074494 /* Strings.swift */ = {isa = PBXFileReference; fileEncoding = 4; lastKnownFileType = sourcecode.swift; path = Strings.swift; sourceTree = "<group>"; };
		A9FC82232622D37B00074494 /* Localizable.strings */ = {isa = PBXFileReference; fileEncoding = 4; lastKnownFileType = text.plist.strings; path = Localizable.strings; sourceTree = "<group>"; };
		A9FC82252622D37B00074494 /* FunctionPro-Book.otf */ = {isa = PBXFileReference; lastKnownFileType = file; path = "FunctionPro-Book.otf"; sourceTree = "<group>"; };
		A9FC82262622D37B00074494 /* clarikageo-medium.otf */ = {isa = PBXFileReference; lastKnownFileType = file; path = "clarikageo-medium.otf"; sourceTree = "<group>"; };
		A9FC82272622D37C00074494 /* Bauhaus_Demi.ttf */ = {isa = PBXFileReference; lastKnownFileType = file; path = Bauhaus_Demi.ttf; sourceTree = "<group>"; };
		A9FC82282622D37C00074494 /* FunctionPro-Medium.otf */ = {isa = PBXFileReference; lastKnownFileType = file; path = "FunctionPro-Medium.otf"; sourceTree = "<group>"; };
		A9FC82292622D37C00074494 /* FunctionPro-Demi.otf */ = {isa = PBXFileReference; lastKnownFileType = file; path = "FunctionPro-Demi.otf"; sourceTree = "<group>"; };
		A9FC822A2622D37C00074494 /* LibreBaskerville-Regular.ttf */ = {isa = PBXFileReference; lastKnownFileType = file; path = "LibreBaskerville-Regular.ttf"; sourceTree = "<group>"; };
		A9FC822B2622D37C00074494 /* Ayuthaya.ttf */ = {isa = PBXFileReference; lastKnownFileType = file; path = Ayuthaya.ttf; sourceTree = "<group>"; };
		A9FC822C2622D37C00074494 /* Helvetica-Bold.ttf */ = {isa = PBXFileReference; lastKnownFileType = file; path = "Helvetica-Bold.ttf"; sourceTree = "<group>"; };
		A9FC822D2622D37C00074494 /* FunctionPro-BookOblique.otf */ = {isa = PBXFileReference; lastKnownFileType = file; path = "FunctionPro-BookOblique.otf"; sourceTree = "<group>"; };
		A9FC822E2622D37C00074494 /* Bauhaus_Medium.ttf */ = {isa = PBXFileReference; lastKnownFileType = file; path = Bauhaus_Medium.ttf; sourceTree = "<group>"; };
		A9FC822F2622D37C00074494 /* FunctionPro-Light.otf */ = {isa = PBXFileReference; lastKnownFileType = file; path = "FunctionPro-Light.otf"; sourceTree = "<group>"; };
		A9FC82312622D37C00074494 /* MainServiceFactory.swift */ = {isa = PBXFileReference; fileEncoding = 4; lastKnownFileType = sourcecode.swift; path = MainServiceFactory.swift; sourceTree = "<group>"; };
		A9FC82332622D37C00074494 /* MediaLibraryServiceImp.swift */ = {isa = PBXFileReference; fileEncoding = 4; lastKnownFileType = sourcecode.swift; path = MediaLibraryServiceImp.swift; sourceTree = "<group>"; };
		A9FC82342622D37C00074494 /* MediaLibraryService.swift */ = {isa = PBXFileReference; fileEncoding = 4; lastKnownFileType = sourcecode.swift; path = MediaLibraryService.swift; sourceTree = "<group>"; };
		AA881E6210959614F4762619 /* Example.app */ = {isa = PBXFileReference; explicitFileType = wrapper.application; includeInIndex = 0; path = Example.app; sourceTree = BUILT_PRODUCTS_DIR; };
		D69682CF519E07796D94EDEE /* MediaServiceTests.xctest */ = {isa = PBXFileReference; explicitFileType = wrapper.cfbundle; includeInIndex = 0; path = MediaServiceTests.xctest; sourceTree = BUILT_PRODUCTS_DIR; };
		EA0FFCED00C8054113707C0A /* MediaService.framework */ = {isa = PBXFileReference; explicitFileType = wrapper.framework; includeInIndex = 0; path = MediaService.framework; sourceTree = BUILT_PRODUCTS_DIR; };
/* End PBXFileReference section */

/* Begin PBXFrameworksBuildPhase section */
		A94712C02628596100BDB65A /* Frameworks */ = {
			isa = PBXFrameworksBuildPhase;
			buildActionMask = 2147483647;
			files = (
			);
			runOnlyForDeploymentPostprocessing = 0;
		};
		F0FAD58677086F61580F6D0E /* Frameworks */ = {
			isa = PBXFrameworksBuildPhase;
			buildActionMask = 2147483647;
			files = (
				A9FC814C261F183600074494 /* Texstyle.framework in Frameworks */,
				A9FC814A261F183600074494 /* Framezilla.framework in Frameworks */,
				A9FC814E261F183600074494 /* Ion.framework in Frameworks */,
				A9FC8150261F183600074494 /* CollectionViewTools.framework in Frameworks */,
				78D564F450CF807EF8D125B6 /* MediaService.framework in Frameworks */,
				A9FC8148261F183600074494 /* DeepDiff.framework in Frameworks */,
			);
			runOnlyForDeploymentPostprocessing = 0;
		};
/* End PBXFrameworksBuildPhase section */

/* Begin PBXGroup section */
		4C7F44643AEB23CF5A27A6E6 = {
			isa = PBXGroup;
			children = (
				581C82E1050AD84390F4EC4B /* Example */,
				682C4D58B0202FA87F1F99E4 /* MediaServiceTests */,
				A9FC821B2622D37B00074494 /* MediaService */,
				DFEF361FC4CC88B328B65513 /* Products */,
				A9FC8142261F183600074494 /* Frameworks */,
			);
			sourceTree = "<group>";
		};
		581C82E1050AD84390F4EC4B /* Example */ = {
			isa = PBXGroup;
			children = (
				A9FC81FD2622C71900074494 /* GalleryViewController */,
				A9FC81DD2622BC3500074494 /* MainViewController */,
				A9FC81BF261F21A800074494 /* Resource */,
				A9FC81A7261F1ED300074494 /* AppDelegate.swift */,
			);
			name = Example;
			path = Sources/Example;
			sourceTree = "<group>";
		};
		682C4D58B0202FA87F1F99E4 /* MediaServiceTests */ = {
			isa = PBXGroup;
			children = (
				A902B0FB2639736A00D557C5 /* MockServices */,
				2240A87F57FB038C7EC1C5D2 /* MediaServiceTests.swift */,
				42697A5AF25DAE56CE63A2DB /* XCTestManifests.swift */,
			);
			name = MediaServiceTests;
			path = Tests/MediaServiceTests;
			sourceTree = "<group>";
		};
		A902B0E82639709B00D557C5 /* PermissionsService */ = {
			isa = PBXGroup;
			children = (
				A902B0EC263972F800D557C5 /* PermissionsService.swift */,
			);
			path = PermissionsService;
			sourceTree = "<group>";
		};
		A902B0FB2639736A00D557C5 /* MockServices */ = {
			isa = PBXGroup;
			children = (
				A902B0FC2639738300D557C5 /* FetchCollectionServiceMock.swift */,
				A902B1012639739E00D557C5 /* PermissionsServiceMock.swift */,
			);
			path = MockServices;
			sourceTree = "<group>";
		};
		A9799003262F2D4900AA65E3 /* FetchCollectionsService */ = {
			isa = PBXGroup;
			children = (
				A9799007262F2DB900AA65E3 /* FetchCollectionsService.swift */,
			);
			path = FetchCollectionsService;
			sourceTree = "<group>";
		};
		A9FC8142261F183600074494 /* Frameworks */ = {
			isa = PBXGroup;
			children = (
				A9FC8147261F183600074494 /* CollectionViewTools.framework */,
				A9FC8143261F183600074494 /* DeepDiff.framework */,
				A9FC8144261F183600074494 /* Framezilla.framework */,
				A9FC8146261F183600074494 /* Ion.framework */,
				A9FC8145261F183600074494 /* Texstyle.framework */,
			);
			name = Frameworks;
			sourceTree = "<group>";
		};
		A9FC81BF261F21A800074494 /* Resource */ = {
			isa = PBXGroup;
			children = (
				A9FC81C0261F21B900074494 /* Launch Screen.storyboard */,
			);
			path = Resource;
			sourceTree = "<group>";
		};
		A9FC81DD2622BC3500074494 /* MainViewController */ = {
			isa = PBXGroup;
			children = (
				A9FC81DE2622BC4900074494 /* CollectionViewCell */,
				A9FC81A6261F1ED300074494 /* MainViewController.swift */,
				A9FC82032622C7FB00074494 /* MainFactory.swift */,
			);
			path = MainViewController;
			sourceTree = "<group>";
		};
		A9FC81DE2622BC4900074494 /* CollectionViewCell */ = {
			isa = PBXGroup;
			children = (
				A9FC81DF2622BC6400074494 /* MainCellItem.swift */,
				A9FC81E42622BC6F00074494 /* MainCollectionViewCell.swift */,
			);
			path = CollectionViewCell;
			sourceTree = "<group>";
		};
		A9FC81FD2622C71900074494 /* GalleryViewController */ = {
			isa = PBXGroup;
			children = (
				A9FC820D2622CAF300074494 /* GalleryCollectionViewCell */,
				A9FC81FE2622C73400074494 /* GalleryViewController.swift */,
				A9FC82082622CAEF00074494 /* GalleryFactory.swift */,
			);
			path = GalleryViewController;
			sourceTree = "<group>";
		};
		A9FC820D2622CAF300074494 /* GalleryCollectionViewCell */ = {
			isa = PBXGroup;
			children = (
				A9FC820E2622CB0600074494 /* GalleryCellItem.swift */,
				A9FC82132622CB1400074494 /* GalleryCollectionViewCell.swift */,
			);
			path = GalleryCollectionViewCell;
			sourceTree = "<group>";
		};
		A9FC821B2622D37B00074494 /* MediaService */ = {
			isa = PBXGroup;
			children = (
				A9FC821C2622D37B00074494 /* MediaItem */,
				A9FC82212622D37B00074494 /* Resource */,
				A9FC82302622D37C00074494 /* Services */,
			);
			name = MediaService;
			path = Sources/MediaService;
			sourceTree = "<group>";
		};
		A9FC821C2622D37B00074494 /* MediaItem */ = {
			isa = PBXGroup;
			children = (
				A9FC821D2622D37B00074494 /* MediaItemFilter.swift */,
				A9FC821E2622D37B00074494 /* MediaItemFetchResult.swift */,
				A9FC821F2622D37B00074494 /* MediaItem.swift */,
				A9FC82202622D37B00074494 /* MediaItemCollection.swift */,
			);
			path = MediaItem;
			sourceTree = "<group>";
		};
		A9FC82212622D37B00074494 /* Resource */ = {
			isa = PBXGroup;
			children = (
				A9FC82222622D37B00074494 /* Strings.swift */,
				A9FC82232622D37B00074494 /* Localizable.strings */,
				A9FC82242622D37B00074494 /* Fonts */,
			);
			path = Resource;
			sourceTree = "<group>";
		};
		A9FC82242622D37B00074494 /* Fonts */ = {
			isa = PBXGroup;
			children = (
				A9FC82252622D37B00074494 /* FunctionPro-Book.otf */,
				A9FC82262622D37B00074494 /* clarikageo-medium.otf */,
				A9FC82272622D37C00074494 /* Bauhaus_Demi.ttf */,
				A9FC82282622D37C00074494 /* FunctionPro-Medium.otf */,
				A9FC82292622D37C00074494 /* FunctionPro-Demi.otf */,
				A9FC822A2622D37C00074494 /* LibreBaskerville-Regular.ttf */,
				A9FC822B2622D37C00074494 /* Ayuthaya.ttf */,
				A9FC822C2622D37C00074494 /* Helvetica-Bold.ttf */,
				A9FC822D2622D37C00074494 /* FunctionPro-BookOblique.otf */,
				A9FC822E2622D37C00074494 /* Bauhaus_Medium.ttf */,
				A9FC822F2622D37C00074494 /* FunctionPro-Light.otf */,
			);
			path = Fonts;
			sourceTree = "<group>";
		};
		A9FC82302622D37C00074494 /* Services */ = {
			isa = PBXGroup;
			children = (
				A902B0E82639709B00D557C5 /* PermissionsService */,
				A9799003262F2D4900AA65E3 /* FetchCollectionsService */,
				A9FC82312622D37C00074494 /* MainServiceFactory.swift */,
				A9FC82322622D37C00074494 /* MediaLibraryService */,
			);
			path = Services;
			sourceTree = "<group>";
		};
		A9FC82322622D37C00074494 /* MediaLibraryService */ = {
			isa = PBXGroup;
			children = (
				A9FC82332622D37C00074494 /* MediaLibraryServiceImp.swift */,
				A9FC82342622D37C00074494 /* MediaLibraryService.swift */,
			);
			path = MediaLibraryService;
			sourceTree = "<group>";
		};
		DFEF361FC4CC88B328B65513 /* Products */ = {
			isa = PBXGroup;
			children = (
				AA881E6210959614F4762619 /* Example.app */,
				EA0FFCED00C8054113707C0A /* MediaService.framework */,
				D69682CF519E07796D94EDEE /* MediaServiceTests.xctest */,
			);
			name = Products;
			sourceTree = "<group>";
		};
/* End PBXGroup section */

/* Begin PBXNativeTarget section */
		62D51B5ED0358AFD5DBC2D23 /* MediaServiceTests */ = {
			isa = PBXNativeTarget;
			buildConfigurationList = E020B2EDC48548A8A25A198D /* Build configuration list for PBXNativeTarget "MediaServiceTests" */;
			buildPhases = (
				6619B101075743E5F822FA3A /* Sources */,
				EF3D94F6D054254334FA046D /* Swiftlint */,
				A94712C02628596100BDB65A /* Frameworks */,
			);
			buildRules = (
			);
			dependencies = (
			);
			name = MediaServiceTests;
			productName = MediaServiceTests;
			productReference = D69682CF519E07796D94EDEE /* MediaServiceTests.xctest */;
			productType = "com.apple.product-type.bundle.unit-test";
		};
		C8C1CA4D3CB89699BAF7A343 /* Example */ = {
			isa = PBXNativeTarget;
			buildConfigurationList = C3FA4120187F65785FECB35F /* Build configuration list for PBXNativeTarget "Example" */;
			buildPhases = (
				B2CC9C3709AC8A28A713800E /* Sources */,
				3D837A404CF34D6A4C6C4BA0 /* Swiftlint */,
				F0FAD58677086F61580F6D0E /* Frameworks */,
				085E2653BF71512268D3D8B3 /* Carthage */,
			);
			buildRules = (
			);
			dependencies = (
				A1D4B0119F076ACC3286B75D /* PBXTargetDependency */,
			);
			name = Example;
			productName = Example;
			productReference = AA881E6210959614F4762619 /* Example.app */;
			productType = "com.apple.product-type.application";
		};
		E0D54EB6E6F18287CD59355D /* MediaService */ = {
			isa = PBXNativeTarget;
			buildConfigurationList = 504CA1EFAD51C37E05C3321F /* Build configuration list for PBXNativeTarget "MediaService" */;
			buildPhases = (
				C67370E29AFCF4A500FBE164 /* Sources */,
			);
			buildRules = (
			);
			dependencies = (
			);
			name = MediaService;
			productName = MediaService;
			productReference = EA0FFCED00C8054113707C0A /* MediaService.framework */;
			productType = "com.apple.product-type.framework";
		};
/* End PBXNativeTarget section */

/* Begin PBXProject section */
		2479B7CB4F77A50E8A66BD45 /* Project object */ = {
			isa = PBXProject;
			attributes = {
				LastUpgradeCheck = 1200;
				TargetAttributes = {
					C8C1CA4D3CB89699BAF7A343 = {
						LastSwiftMigration = 1240;
					};
				};
			};
			buildConfigurationList = 71E87FBC3B935506EED35063 /* Build configuration list for PBXProject "MediaService" */;
			compatibilityVersion = "Xcode 10.0";
			developmentRegion = en;
			hasScannedForEncodings = 0;
			knownRegions = (
				Base,
				en,
			);
			mainGroup = 4C7F44643AEB23CF5A27A6E6;
			projectDirPath = "";
			projectRoot = "";
			targets = (
				C8C1CA4D3CB89699BAF7A343 /* Example */,
				E0D54EB6E6F18287CD59355D /* MediaService */,
				62D51B5ED0358AFD5DBC2D23 /* MediaServiceTests */,
			);
		};
/* End PBXProject section */

/* Begin PBXShellScriptBuildPhase section */
		085E2653BF71512268D3D8B3 /* Carthage */ = {
			isa = PBXShellScriptBuildPhase;
			buildActionMask = 2147483647;
			files = (
			);
			inputFileListPaths = (
				"$(SRCROOT)/xcfilelists/Example-inputPaths.xcfilelist",
			);
			inputPaths = (
			);
			name = Carthage;
			outputFileListPaths = (
				"$(SRCROOT)/xcfilelists/Example-outputPaths.xcfilelist",
			);
			outputPaths = (
			);
			runOnlyForDeploymentPostprocessing = 0;
			shellPath = /bin/sh;
			shellScript = "/usr/local/bin/carthage copy-frameworks";
		};
		3D837A404CF34D6A4C6C4BA0 /* Swiftlint */ = {
			isa = PBXShellScriptBuildPhase;
			buildActionMask = 2147483647;
			files = (
			);
			inputFileListPaths = (
			);
			inputPaths = (
			);
			name = Swiftlint;
			outputFileListPaths = (
			);
			outputPaths = (
			);
			runOnlyForDeploymentPostprocessing = 0;
			shellPath = /bin/sh;
			shellScript = swiftlint;
		};
		EF3D94F6D054254334FA046D /* Swiftlint */ = {
			isa = PBXShellScriptBuildPhase;
			buildActionMask = 2147483647;
			files = (
			);
			inputFileListPaths = (
			);
			inputPaths = (
			);
			name = Swiftlint;
			outputFileListPaths = (
			);
			outputPaths = (
			);
			runOnlyForDeploymentPostprocessing = 0;
			shellPath = /bin/sh;
			shellScript = "swiftlint\n";
		};
/* End PBXShellScriptBuildPhase section */

/* Begin PBXSourcesBuildPhase section */
		6619B101075743E5F822FA3A /* Sources */ = {
			isa = PBXSourcesBuildPhase;
			buildActionMask = 2147483647;
			files = (
				1D5316D922319C49520D203B /* MediaServiceTests.swift in Sources */,
				A902B1142639743A00D557C5 /* FetchCollectionServiceMock.swift in Sources */,
				A902B10D2639743600D557C5 /* PermissionsServiceMock.swift in Sources */,
				A756EA9B7DBBBC779292C6F0 /* XCTestManifests.swift in Sources */,
			);
			runOnlyForDeploymentPostprocessing = 0;
		};
		B2CC9C3709AC8A28A713800E /* Sources */ = {
			isa = PBXSourcesBuildPhase;
			buildActionMask = 2147483647;
			files = (
				A9FC81A9261F1ED300074494 /* AppDelegate.swift in Sources */,
				A9FC82042622C7FB00074494 /* MainFactory.swift in Sources */,
				A9FC81A8261F1ED300074494 /* MainViewController.swift in Sources */,
				A9FC81FF2622C73400074494 /* GalleryViewController.swift in Sources */,
				A9FC82092622CAEF00074494 /* GalleryFactory.swift in Sources */,
				A9FC81E02622BC6400074494 /* MainCellItem.swift in Sources */,
				A9FC81E52622BC6F00074494 /* MainCollectionViewCell.swift in Sources */,
				A9FC82142622CB1400074494 /* GalleryCollectionViewCell.swift in Sources */,
				A9FC820F2622CB0600074494 /* GalleryCellItem.swift in Sources */,
			);
			runOnlyForDeploymentPostprocessing = 0;
		};
		C67370E29AFCF4A500FBE164 /* Sources */ = {
			isa = PBXSourcesBuildPhase;
			buildActionMask = 2147483647;
			files = (
				A979900F262F2DDA00AA65E3 /* FetchCollectionsService.swift in Sources */,
				A9FC82352622D37C00074494 /* MediaItemFilter.swift in Sources */,
				A9FC823B2622D37C00074494 /* MediaLibraryServiceImp.swift in Sources */,
				A9FC823C2622D37C00074494 /* MediaLibraryService.swift in Sources */,
				A902B0F4263972FF00D557C5 /* PermissionsService.swift in Sources */,
				A9FC82362622D37C00074494 /* MediaItemFetchResult.swift in Sources */,
				A9FC82392622D37C00074494 /* Strings.swift in Sources */,
				A9FC823A2622D37C00074494 /* MainServiceFactory.swift in Sources */,
				A9FC82372622D37C00074494 /* MediaItem.swift in Sources */,
				A9FC82382622D37C00074494 /* MediaItemCollection.swift in Sources */,
			);
			runOnlyForDeploymentPostprocessing = 0;
		};
/* End PBXSourcesBuildPhase section */

/* Begin PBXTargetDependency section */
		A1D4B0119F076ACC3286B75D /* PBXTargetDependency */ = {
			isa = PBXTargetDependency;
			target = E0D54EB6E6F18287CD59355D /* MediaService */;
			targetProxy = 41476AA120E3CA4B3ED0B15C /* PBXContainerItemProxy */;
		};
/* End PBXTargetDependency section */

/* Begin XCBuildConfiguration section */
		2C6508EAB5EB3C38965F8805 /* Release */ = {
			isa = XCBuildConfiguration;
			buildSettings = {
				ASSETCATALOG_COMPILER_APPICON_NAME = AppIcon;
				CLANG_ENABLE_MODULES = YES;
				CODE_SIGN_IDENTITY = "iPhone Developer";
				FRAMEWORK_SEARCH_PATHS = (
					"$(inherited)",
					"$(PROJECT_DIR)/Carthage/Build/iOS",
				);
				INFOPLIST_FILE = MediaService.xcodeproj/Example.plist;
				IPHONEOS_DEPLOYMENT_TARGET = 13.0;
				LD_RUNPATH_SEARCH_PATHS = (
					"$(inherited)",
					"@executable_path/Frameworks",
				);
				PRODUCT_BUNDLE_IDENTIFIER = com.rosberry.Example;
				SDKROOT = iphoneos;
				SWIFT_VERSION = 5.0;
				TARGETED_DEVICE_FAMILY = "1,2";
			};
			name = Release;
		};
		48783711F947BE037FD9145C /* Release */ = {
			isa = XCBuildConfiguration;
			buildSettings = {
				ALWAYS_SEARCH_USER_PATHS = NO;
				CLANG_ANALYZER_NONNULL = YES;
				CLANG_ANALYZER_NUMBER_OBJECT_CONVERSION = YES_AGGRESSIVE;
				CLANG_CXX_LANGUAGE_STANDARD = "gnu++14";
				CLANG_CXX_LIBRARY = "libc++";
				CLANG_ENABLE_MODULES = YES;
				CLANG_ENABLE_OBJC_ARC = YES;
				CLANG_ENABLE_OBJC_WEAK = YES;
				CLANG_WARN_BLOCK_CAPTURE_AUTORELEASING = YES;
				CLANG_WARN_BOOL_CONVERSION = YES;
				CLANG_WARN_COMMA = YES;
				CLANG_WARN_CONSTANT_CONVERSION = YES;
				CLANG_WARN_DEPRECATED_OBJC_IMPLEMENTATIONS = YES;
				CLANG_WARN_DIRECT_OBJC_ISA_USAGE = YES_ERROR;
				CLANG_WARN_DOCUMENTATION_COMMENTS = YES;
				CLANG_WARN_EMPTY_BODY = YES;
				CLANG_WARN_ENUM_CONVERSION = YES;
				CLANG_WARN_INFINITE_RECURSION = YES;
				CLANG_WARN_INT_CONVERSION = YES;
				CLANG_WARN_NON_LITERAL_NULL_CONVERSION = YES;
				CLANG_WARN_OBJC_IMPLICIT_RETAIN_SELF = YES;
				CLANG_WARN_OBJC_LITERAL_CONVERSION = YES;
				CLANG_WARN_OBJC_ROOT_CLASS = YES_ERROR;
				CLANG_WARN_QUOTED_INCLUDE_IN_FRAMEWORK_HEADER = YES;
				CLANG_WARN_RANGE_LOOP_ANALYSIS = YES;
				CLANG_WARN_STRICT_PROTOTYPES = YES;
				CLANG_WARN_SUSPICIOUS_MOVE = YES;
				CLANG_WARN_UNGUARDED_AVAILABILITY = YES_AGGRESSIVE;
				CLANG_WARN_UNREACHABLE_CODE = YES;
				CLANG_WARN__DUPLICATE_METHOD_MATCH = YES;
				COPY_PHASE_STRIP = NO;
				DEBUG_INFORMATION_FORMAT = "dwarf-with-dsym";
				ENABLE_NS_ASSERTIONS = NO;
				ENABLE_STRICT_OBJC_MSGSEND = YES;
				GCC_C_LANGUAGE_STANDARD = gnu11;
				GCC_NO_COMMON_BLOCKS = YES;
				GCC_WARN_64_TO_32_BIT_CONVERSION = YES;
				GCC_WARN_ABOUT_RETURN_TYPE = YES_ERROR;
				GCC_WARN_UNDECLARED_SELECTOR = YES;
				GCC_WARN_UNINITIALIZED_AUTOS = YES_AGGRESSIVE;
				GCC_WARN_UNUSED_FUNCTION = YES;
				GCC_WARN_UNUSED_VARIABLE = YES;
				IPHONEOS_DEPLOYMENT_TARGET = 14.4;
				MTL_ENABLE_DEBUG_INFO = NO;
				MTL_FAST_MATH = YES;
				PRODUCT_NAME = "$(TARGET_NAME)";
				SDKROOT = iphoneos;
				SWIFT_COMPILATION_MODE = wholemodule;
				SWIFT_OPTIMIZATION_LEVEL = "-O";
				SWIFT_VERSION = 5.0;
			};
			name = Release;
		};
		69B6A6CBB30E9A97C9F0AC94 /* Debug */ = {
			isa = XCBuildConfiguration;
			buildSettings = {
				ASSETCATALOG_COMPILER_APPICON_NAME = AppIcon;
				CLANG_ENABLE_MODULES = YES;
				CODE_SIGN_IDENTITY = "iPhone Developer";
				FRAMEWORK_SEARCH_PATHS = (
					"$(inherited)",
					"$(PROJECT_DIR)/Carthage/Build/iOS",
				);
				INFOPLIST_FILE = MediaService.xcodeproj/Example.plist;
				IPHONEOS_DEPLOYMENT_TARGET = 13.0;
				LD_RUNPATH_SEARCH_PATHS = (
					"$(inherited)",
					"@executable_path/Frameworks",
				);
				PRODUCT_BUNDLE_IDENTIFIER = com.rosberry.Example;
				SDKROOT = iphoneos;
				SWIFT_OPTIMIZATION_LEVEL = "-Onone";
				SWIFT_VERSION = 5.0;
				TARGETED_DEVICE_FAMILY = "1,2";
			};
			name = Debug;
		};
		76B06037AD1ED859CBEDA5A0 /* Debug */ = {
			isa = XCBuildConfiguration;
			buildSettings = {
				BUNDLE_LOADER = "$(TEST_HOST)";
				FRAMEWORK_SEARCH_PATHS = "$(PROJECT_DIR)/Carthage/Build/iOS";
				INFOPLIST_FILE = MediaService.xcodeproj/MediaServiceTests.plist;
				IPHONEOS_DEPLOYMENT_TARGET = 13.0;
				LD_RUNPATH_SEARCH_PATHS = (
					"$(inherited)",
					"@executable_path/Frameworks",
					"@loader_path/Frameworks",
					"$(PROJECT_DIR)/Carthage/Build/iOS",
				);
				PRODUCT_BUNDLE_IDENTIFIER = com.rosberry.MediaServiceTests;
				SDKROOT = iphoneos;
				TARGETED_DEVICE_FAMILY = "1,2";
			};
			name = Debug;
		};
		9B89EAB310164017198560D2 /* Release */ = {
			isa = XCBuildConfiguration;
			buildSettings = {
				CODE_SIGN_IDENTITY = "";
				CURRENT_PROJECT_VERSION = 1;
				DEFINES_MODULE = YES;
				DYLIB_COMPATIBILITY_VERSION = 1;
				DYLIB_CURRENT_VERSION = 1;
				DYLIB_INSTALL_NAME_BASE = "@rpath";
				FRAMEWORK_SEARCH_PATHS = (
					"$(inherited)",
					"$(PROJECT_DIR)/Carthage/Build/iOS",
				);
				INFOPLIST_FILE = MediaService.xcodeproj/MediaService.plist;
				INSTALL_PATH = "$(LOCAL_LIBRARY_DIR)/Frameworks";
				IPHONEOS_DEPLOYMENT_TARGET = 13.0;
				LD_RUNPATH_SEARCH_PATHS = (
					"$(inherited)",
					"@executable_path/Frameworks",
				);
				PRODUCT_BUNDLE_IDENTIFIER = com.rosberry.MediaService;
				SDKROOT = iphoneos;
				SKIP_INSTALL = YES;
				TARGETED_DEVICE_FAMILY = "1,2";
				VERSIONING_SYSTEM = "apple-generic";
			};
			name = Release;
		};
		EC9F769580017ABDE6CDFB12 /* Release */ = {
			isa = XCBuildConfiguration;
			buildSettings = {
				BUNDLE_LOADER = "$(TEST_HOST)";
				FRAMEWORK_SEARCH_PATHS = "$(PROJECT_DIR)/Carthage/Build/iOS";
				INFOPLIST_FILE = MediaService.xcodeproj/MediaServiceTests.plist;
				IPHONEOS_DEPLOYMENT_TARGET = 13.0;
				LD_RUNPATH_SEARCH_PATHS = (
					"$(inherited)",
					"@executable_path/Frameworks",
					"@loader_path/Frameworks",
					"$(PROJECT_DIR)/Carthage/Build/iOS",
				);
				PRODUCT_BUNDLE_IDENTIFIER = com.rosberry.MediaServiceTests;
				SDKROOT = iphoneos;
				TARGETED_DEVICE_FAMILY = "1,2";
			};
			name = Release;
		};
		F41279E6CDA7CF8310F3539F /* Debug */ = {
			isa = XCBuildConfiguration;
			buildSettings = {
				ALWAYS_SEARCH_USER_PATHS = NO;
				CLANG_ANALYZER_NONNULL = YES;
				CLANG_ANALYZER_NUMBER_OBJECT_CONVERSION = YES_AGGRESSIVE;
				CLANG_CXX_LANGUAGE_STANDARD = "gnu++14";
				CLANG_CXX_LIBRARY = "libc++";
				CLANG_ENABLE_MODULES = YES;
				CLANG_ENABLE_OBJC_ARC = YES;
				CLANG_ENABLE_OBJC_WEAK = YES;
				CLANG_WARN_BLOCK_CAPTURE_AUTORELEASING = YES;
				CLANG_WARN_BOOL_CONVERSION = YES;
				CLANG_WARN_COMMA = YES;
				CLANG_WARN_CONSTANT_CONVERSION = YES;
				CLANG_WARN_DEPRECATED_OBJC_IMPLEMENTATIONS = YES;
				CLANG_WARN_DIRECT_OBJC_ISA_USAGE = YES_ERROR;
				CLANG_WARN_DOCUMENTATION_COMMENTS = YES;
				CLANG_WARN_EMPTY_BODY = YES;
				CLANG_WARN_ENUM_CONVERSION = YES;
				CLANG_WARN_INFINITE_RECURSION = YES;
				CLANG_WARN_INT_CONVERSION = YES;
				CLANG_WARN_NON_LITERAL_NULL_CONVERSION = YES;
				CLANG_WARN_OBJC_IMPLICIT_RETAIN_SELF = YES;
				CLANG_WARN_OBJC_LITERAL_CONVERSION = YES;
				CLANG_WARN_OBJC_ROOT_CLASS = YES_ERROR;
				CLANG_WARN_QUOTED_INCLUDE_IN_FRAMEWORK_HEADER = YES;
				CLANG_WARN_RANGE_LOOP_ANALYSIS = YES;
				CLANG_WARN_STRICT_PROTOTYPES = YES;
				CLANG_WARN_SUSPICIOUS_MOVE = YES;
				CLANG_WARN_UNGUARDED_AVAILABILITY = YES_AGGRESSIVE;
				CLANG_WARN_UNREACHABLE_CODE = YES;
				CLANG_WARN__DUPLICATE_METHOD_MATCH = YES;
				COPY_PHASE_STRIP = NO;
				DEBUG_INFORMATION_FORMAT = dwarf;
				ENABLE_STRICT_OBJC_MSGSEND = YES;
				ENABLE_TESTABILITY = YES;
				GCC_C_LANGUAGE_STANDARD = gnu11;
				GCC_DYNAMIC_NO_PIC = NO;
				GCC_NO_COMMON_BLOCKS = YES;
				GCC_OPTIMIZATION_LEVEL = 0;
				GCC_PREPROCESSOR_DEFINITIONS = (
					"$(inherited)",
					"DEBUG=1",
				);
				GCC_WARN_64_TO_32_BIT_CONVERSION = YES;
				GCC_WARN_ABOUT_RETURN_TYPE = YES_ERROR;
				GCC_WARN_UNDECLARED_SELECTOR = YES;
				GCC_WARN_UNINITIALIZED_AUTOS = YES_AGGRESSIVE;
				GCC_WARN_UNUSED_FUNCTION = YES;
				GCC_WARN_UNUSED_VARIABLE = YES;
				IPHONEOS_DEPLOYMENT_TARGET = 14.4;
				MTL_ENABLE_DEBUG_INFO = INCLUDE_SOURCE;
				MTL_FAST_MATH = YES;
				ONLY_ACTIVE_ARCH = YES;
				PRODUCT_NAME = "$(TARGET_NAME)";
				SDKROOT = iphoneos;
				SWIFT_ACTIVE_COMPILATION_CONDITIONS = DEBUG;
				SWIFT_OPTIMIZATION_LEVEL = "-Onone";
				SWIFT_VERSION = 5.0;
			};
			name = Debug;
		};
		F62910A4917D8A995E3A32C9 /* Debug */ = {
			isa = XCBuildConfiguration;
			buildSettings = {
				CODE_SIGN_IDENTITY = "";
				CURRENT_PROJECT_VERSION = 1;
				DEFINES_MODULE = YES;
				DYLIB_COMPATIBILITY_VERSION = 1;
				DYLIB_CURRENT_VERSION = 1;
				DYLIB_INSTALL_NAME_BASE = "@rpath";
				FRAMEWORK_SEARCH_PATHS = (
					"$(inherited)",
					"$(PROJECT_DIR)/Carthage/Build/iOS",
				);
				INFOPLIST_FILE = MediaService.xcodeproj/MediaService.plist;
				INSTALL_PATH = "$(LOCAL_LIBRARY_DIR)/Frameworks";
				IPHONEOS_DEPLOYMENT_TARGET = 13.0;
				LD_RUNPATH_SEARCH_PATHS = (
					"$(inherited)",
					"@executable_path/Frameworks",
				);
				PRODUCT_BUNDLE_IDENTIFIER = com.rosberry.MediaService;
				SDKROOT = iphoneos;
				SKIP_INSTALL = YES;
				TARGETED_DEVICE_FAMILY = "1,2";
				VERSIONING_SYSTEM = "apple-generic";
			};
			name = Debug;
		};
/* End XCBuildConfiguration section */

/* Begin XCConfigurationList section */
		504CA1EFAD51C37E05C3321F /* Build configuration list for PBXNativeTarget "MediaService" */ = {
			isa = XCConfigurationList;
			buildConfigurations = (
				F62910A4917D8A995E3A32C9 /* Debug */,
				9B89EAB310164017198560D2 /* Release */,
			);
			defaultConfigurationIsVisible = 0;
			defaultConfigurationName = Debug;
		};
		71E87FBC3B935506EED35063 /* Build configuration list for PBXProject "MediaService" */ = {
			isa = XCConfigurationList;
			buildConfigurations = (
				F41279E6CDA7CF8310F3539F /* Debug */,
				48783711F947BE037FD9145C /* Release */,
			);
			defaultConfigurationIsVisible = 0;
			defaultConfigurationName = Debug;
		};
		C3FA4120187F65785FECB35F /* Build configuration list for PBXNativeTarget "Example" */ = {
			isa = XCConfigurationList;
			buildConfigurations = (
				69B6A6CBB30E9A97C9F0AC94 /* Debug */,
				2C6508EAB5EB3C38965F8805 /* Release */,
			);
			defaultConfigurationIsVisible = 0;
			defaultConfigurationName = Debug;
		};
		E020B2EDC48548A8A25A198D /* Build configuration list for PBXNativeTarget "MediaServiceTests" */ = {
			isa = XCConfigurationList;
			buildConfigurations = (
				76B06037AD1ED859CBEDA5A0 /* Debug */,
				EC9F769580017ABDE6CDFB12 /* Release */,
			);
			defaultConfigurationIsVisible = 0;
			defaultConfigurationName = Debug;
		};
/* End XCConfigurationList section */
	};
	rootObject = 2479B7CB4F77A50E8A66BD45 /* Project object */;
}
